
Microsoft Visual Studio Solution File, Format Version 12.00
# Visual Studio Version 17
VisualStudioVersion = 17.14.37012.4 d17.14
MinimumVisualStudioVersion = 10.0.40219.1
Project("{2150E333-8FDC-42A3-9474-1A3956D46DE8}") = "1.0 UL", "1.0 UL", "{E8C27D9A-9952-4BEA-9953-7071C891CA28}"
EndProject
Project("{2150E333-8FDC-42A3-9474-1A3956D46DE8}") = "2.0 BL", "2.0 BL", "{CBBFA7C1-974A-409D-A514-A9B23AC4CE25}"
	ProjectSection(SolutionItems) = preProject
		Web\SessionExtensionss.cs = Web\SessionExtensionss.cs
	EndProjectSection
EndProject
Project("{2150E333-8FDC-42A3-9474-1A3956D46DE8}") = "3.0 DL", "3.0 DL", "{05EFDD23-8E2A-410F-945C-3A1F5EA849AC}"
EndProject
Project("{2150E333-8FDC-42A3-9474-1A3956D46DE8}") = "4.0 CL", "4.0 CL", "{DB7658B2-0FD6-4B45-9253-4089595E731A}"
EndProject
Project("{2150E333-8FDC-42A3-9474-1A3956D46DE8}") = "5.0 SL", "5.0 SL", "{0F835C1D-08BC-4BE7-AF36-0E6A35778C60}"
EndProject
Project("{9A19103F-16F7-4668-BE54-9A1E7A4F7556}") = "Web", "Web\Web.csproj", "{C5854C65-9D48-4A79-8C13-0142956A75FD}"
EndProject
Project("{9A19103F-16F7-4668-BE54-9A1E7A4F7556}") = "Negocio", "Negocio\Negocio.csproj", "{F746CF91-11DB-48AD-B32B-C072734F8F44}"
EndProject
Project("{9A19103F-16F7-4668-BE54-9A1E7A4F7556}") = "Datos", "Datos\Datos.csproj", "{1046A2E4-23B7-4B3D-A19F-CF9552965F00}"
EndProject
Project("{9A19103F-16F7-4668-BE54-9A1E7A4F7556}") = "Comun", "Comun\Comun.csproj", "{F806B4CE-22DD-4139-A707-6D97E23D5B6D}"
EndProject
Project("{9A19103F-16F7-4668-BE54-9A1E7A4F7556}") = "Servicios", "Servicios\Servicios.csproj", "{DEE81314-B278-498B-B3BA-B363C55312F8}"
EndProject
Project("{FAE04EC0-301F-11D3-BF4B-00C04F79EFBC}") = "Ponal.Seguridad.MfaCliente", "Ponal.Seguridad.MfaCliente\Ponal.Seguridad.MfaCliente.csproj", "{46825A75-A606-4644-AC7E-98E4B18072E3}"
EndProject
Global
	GlobalSection(SolutionConfigurationPlatforms) = preSolution
		Debug|Any CPU = Debug|Any CPU
		Release|Any CPU = Release|Any CPU
	EndGlobalSection
	GlobalSection(ProjectConfigurationPlatforms) = postSolution
		{C5854C65-9D48-4A79-8C13-0142956A75FD}.Debug|Any CPU.ActiveCfg = Debug|Any CPU
		{C5854C65-9D48-4A79-8C13-0142956A75FD}.Debug|Any CPU.Build.0 = Debug|Any CPU
		{C5854C65-9D48-4A79-8C13-0142956A75FD}.Release|Any CPU.ActiveCfg = Release|Any CPU
		{C5854C65-9D48-4A79-8C13-0142956A75FD}.Release|Any CPU.Build.0 = Release|Any CPU
		{F746CF91-11DB-48AD-B32B-C072734F8F44}.Debug|Any CPU.ActiveCfg = Debug|Any CPU
		{F746CF91-11DB-48AD-B32B-C072734F8F44}.Debug|Any CPU.Build.0 = Debug|Any CPU
		{F746CF91-11DB-48AD-B32B-C072734F8F44}.Release|Any CPU.ActiveCfg = Release|Any CPU
		{F746CF91-11DB-48AD-B32B-C072734F8F44}.Release|Any CPU.Build.0 = Release|Any CPU
		{1046A2E4-23B7-4B3D-A19F-CF9552965F00}.Debug|Any CPU.ActiveCfg = Debug|Any CPU
		{1046A2E4-23B7-4B3D-A19F-CF9552965F00}.Debug|Any CPU.Build.0 = Debug|Any CPU
		{1046A2E4-23B7-4B3D-A19F-CF9552965F00}.Release|Any CPU.ActiveCfg = Release|Any CPU
		{1046A2E4-23B7-4B3D-A19F-CF9552965F00}.Release|Any CPU.Build.0 = Release|Any CPU
		{F806B4CE-22DD-4139-A707-6D97E23D5B6D}.Debug|Any CPU.ActiveCfg = Debug|Any CPU
		{F806B4CE-22DD-4139-A707-6D97E23D5B6D}.Debug|Any CPU.Build.0 = Debug|Any CPU
		{F806B4CE-22DD-4139-A707-6D97E23D5B6D}.Release|Any CPU.ActiveCfg = Release|Any CPU
		{F806B4CE-22DD-4139-A707-6D97E23D5B6D}.Release|Any CPU.Build.0 = Release|Any CPU
		{DEE81314-B278-498B-B3BA-B363C55312F8}.Debug|Any CPU.ActiveCfg = Debug|Any CPU
		{DEE81314-B278-498B-B3BA-B363C55312F8}.Debug|Any CPU.Build.0 = Debug|Any CPU
		{DEE81314-B278-498B-B3BA-B363C55312F8}.Release|Any CPU.ActiveCfg = Release|Any CPU
		{DEE81314-B278-498B-B3BA-B363C55312F8}.Release|Any CPU.Build.0 = Release|Any CPU
		{46825A75-A606-4644-AC7E-98E4B18072E3}.Debug|Any CPU.ActiveCfg = Debug|Any CPU
		{46825A75-A606-4644-AC7E-98E4B18072E3}.Debug|Any CPU.Build.0 = Debug|Any CPU
		{46825A75-A606-4644-AC7E-98E4B18072E3}.Release|Any CPU.ActiveCfg = Release|Any CPU
		{46825A75-A606-4644-AC7E-98E4B18072E3}.Release|Any CPU.Build.0 = Release|Any CPU
	EndGlobalSection
	GlobalSection(SolutionProperties) = preSolution
		HideSolutionNode = FALSE
	EndGlobalSection
	GlobalSection(NestedProjects) = preSolution
		{C5854C65-9D48-4A79-8C13-0142956A75FD} = {E8C27D9A-9952-4BEA-9953-7071C891CA28}
		{F746CF91-11DB-48AD-B32B-C072734F8F44} = {CBBFA7C1-974A-409D-A514-A9B23AC4CE25}
		{1046A2E4-23B7-4B3D-A19F-CF9552965F00} = {05EFDD23-8E2A-410F-945C-3A1F5EA849AC}
		{F806B4CE-22DD-4139-A707-6D97E23D5B6D} = {DB7658B2-0FD6-4B45-9253-4089595E731A}
		{DEE81314-B278-498B-B3BA-B363C55312F8} = {0F835C1D-08BC-4BE7-AF36-0E6A35778C60}
	EndGlobalSection
	GlobalSection(ExtensibilityGlobals) = postSolution
		SolutionGuid = {F42D884F-3BF6-43F6-90CD-71DC377C9128}
	EndGlobalSection
EndGlobal
